Microsoft Visual Studio Solution File, Format Version 12.00
# Visual Studio Version 16
VisualStudioVersion = 16.0.31402.337
MinimumVisualStudioVersion = 10.0.40219.1
Project("{FAE04EC0-301F-11D3-BF4B-00C04F79EFBC}") = "myTNB-Android", "myTNB.Droid\myTNB-Android.csproj", "{A65609C2-EE96-4572-A423-969ADA2CDA4D}"
EndProject
Project("{9A19103F-16F7-4668-BE54-9A1E7A4F7556}") = "myTNB.Mobile", "myTNB.Mobile\myTNB.Mobile.csproj", "{61D20414-CF94-4106-B40F-E62E5B282F0C}"
EndProject
Project("{9344BDBB-3E7F-41FC-A0DD-8665D75EE146}") = "myTNB-iOS", "myTNB.iOS\myTNB-iOS.csproj", "{8EF655F3-24AD-4CA3-8D67-4CA457F07176}"
EndProject
Global
	GlobalSection(SolutionConfigurationPlatforms) = preSolution
		Debug|Any CPU = Debug|Any CPU
		Debug|iPhone = Debug|iPhone
		Debug|iPhoneSimulator = Debug|iPhoneSimulator
		Develop|Any CPU = Develop|Any CPU
		Develop|iPhone = Develop|iPhone
		Develop|iPhoneSimulator = Develop|iPhoneSimulator
		Master|Any CPU = Master|Any CPU
		Master|iPhone = Master|iPhone
		Master|iPhoneSimulator = Master|iPhoneSimulator
		Release|Any CPU = Release|Any CPU
		Release|iPhone = Release|iPhone
		Release|iPhoneSimulator = Release|iPhoneSimulator
		SIT|Any CPU = SIT|Any CPU
		SIT|iPhone = SIT|iPhone
		SIT|iPhoneSimulator = SIT|iPhoneSimulator
		Stub|Any CPU = Stub|Any CPU
		Stub|iPhone = Stub|iPhone
		Stub|iPhoneSimulator = Stub|iPhoneSimulator
	EndGlobalSection
	GlobalSection(ProjectConfigurationPlatforms) = postSolution
		{A65609C2-EE96-4572-A423-969ADA2CDA4D}.Debug|Any CPU.ActiveCfg = Debug|Any CPU
		{A65609C2-EE96-4572-A423-969ADA2CDA4D}.Debug|Any CPU.Build.0 = Debug|Any CPU
		{A65609C2-EE96-4572-A423-969ADA2CDA4D}.Debug|Any CPU.Deploy.0 = Debug|Any CPU
		{A65609C2-EE96-4572-A423-969ADA2CDA4D}.Debug|iPhone.ActiveCfg = Debug|Any CPU
		{A65609C2-EE96-4572-A423-969ADA2CDA4D}.Debug|iPhoneSimulator.ActiveCfg = Debug|Any CPU
		{A65609C2-EE96-4572-A423-969ADA2CDA4D}.Develop|Any CPU.ActiveCfg = Develop|Any CPU
		{A65609C2-EE96-4572-A423-969ADA2CDA4D}.Develop|Any CPU.Build.0 = Develop|Any CPU
		{A65609C2-EE96-4572-A423-969ADA2CDA4D}.Develop|iPhone.ActiveCfg = Develop|Any CPU
		{A65609C2-EE96-4572-A423-969ADA2CDA4D}.Develop|iPhone.Build.0 = Develop|Any CPU
		{A65609C2-EE96-4572-A423-969ADA2CDA4D}.Develop|iPhone.Deploy.0 = Develop|Any CPU
		{A65609C2-EE96-4572-A423-969ADA2CDA4D}.Develop|iPhoneSimulator.ActiveCfg = Develop|Any CPU
		{A65609C2-EE96-4572-A423-969ADA2CDA4D}.Develop|iPhoneSimulator.Build.0 = Develop|Any CPU
		{A65609C2-EE96-4572-A423-969ADA2CDA4D}.Develop|iPhoneSimulator.Deploy.0 = Develop|Any CPU
		{A65609C2-EE96-4572-A423-969ADA2CDA4D}.Master|Any CPU.ActiveCfg = Master|Any CPU
		{A65609C2-EE96-4572-A423-969ADA2CDA4D}.Master|Any CPU.Build.0 = Master|Any CPU
		{A65609C2-EE96-4572-A423-969ADA2CDA4D}.Master|iPhone.ActiveCfg = Master|Any CPU
		{A65609C2-EE96-4572-A423-969ADA2CDA4D}.Master|iPhoneSimulator.ActiveCfg = Master|Any CPU
		{A65609C2-EE96-4572-A423-969ADA2CDA4D}.Release|Any CPU.ActiveCfg = Release|Any CPU
		{A65609C2-EE96-4572-A423-969ADA2CDA4D}.Release|Any CPU.Build.0 = Release|Any CPU
		{A65609C2-EE96-4572-A423-969ADA2CDA4D}.Release|iPhone.ActiveCfg = Release|Any CPU
		{A65609C2-EE96-4572-A423-969ADA2CDA4D}.Release|iPhoneSimulator.ActiveCfg = Release|Any CPU
		{A65609C2-EE96-4572-A423-969ADA2CDA4D}.SIT|Any CPU.ActiveCfg = SIT|Any CPU
		{A65609C2-EE96-4572-A423-969ADA2CDA4D}.SIT|Any CPU.Build.0 = SIT|Any CPU
		{A65609C2-EE96-4572-A423-969ADA2CDA4D}.SIT|Any CPU.Deploy.0 = SIT|Any CPU
		{A65609C2-EE96-4572-A423-969ADA2CDA4D}.SIT|iPhone.ActiveCfg = SIT|Any CPU
		{A65609C2-EE96-4572-A423-969ADA2CDA4D}.SIT|iPhone.Build.0 = SIT|Any CPU
		{A65609C2-EE96-4572-A423-969ADA2CDA4D}.SIT|iPhone.Deploy.0 = SIT|Any CPU
		{A65609C2-EE96-4572-A423-969ADA2CDA4D}.SIT|iPhoneSimulator.ActiveCfg = SIT|Any CPU
		{A65609C2-EE96-4572-A423-969ADA2CDA4D}.SIT|iPhoneSimulator.Build.0 = SIT|Any CPU
		{A65609C2-EE96-4572-A423-969ADA2CDA4D}.SIT|iPhoneSimulator.Deploy.0 = SIT|Any CPU
		{A65609C2-EE96-4572-A423-969ADA2CDA4D}.Stub|Any CPU.ActiveCfg = Stub|Any CPU
		{A65609C2-EE96-4572-A423-969ADA2CDA4D}.Stub|Any CPU.Build.0 = Stub|Any CPU
		{A65609C2-EE96-4572-A423-969ADA2CDA4D}.Stub|iPhone.ActiveCfg = Stub|Any CPU
		{A65609C2-EE96-4572-A423-969ADA2CDA4D}.Stub|iPhone.Build.0 = Stub|Any CPU
		{A65609C2-EE96-4572-A423-969ADA2CDA4D}.Stub|iPhone.Deploy.0 = Stub|Any CPU
		{A65609C2-EE96-4572-A423-969ADA2CDA4D}.Stub|iPhoneSimulator.ActiveCfg = Stub|Any CPU
		{A65609C2-EE96-4572-A423-969ADA2CDA4D}.Stub|iPhoneSimulator.Build.0 = Stub|Any CPU
		{A65609C2-EE96-4572-A423-969ADA2CDA4D}.Stub|iPhoneSimulator.Deploy.0 = Stub|Any CPU
		{61D20414-CF94-4106-B40F-E62E5B282F0C}.Debug|Any CPU.ActiveCfg = Debug|Any CPU
		{61D20414-CF94-4106-B40F-E62E5B282F0C}.Debug|Any CPU.Build.0 = Debug|Any CPU
		{61D20414-CF94-4106-B40F-E62E5B282F0C}.Debug|iPhone.ActiveCfg = Debug|Any CPU
		{61D20414-CF94-4106-B40F-E62E5B282F0C}.Debug|iPhone.Build.0 = Debug|Any CPU
		{61D20414-CF94-4106-B40F-E62E5B282F0C}.Debug|iPhoneSimulator.ActiveCfg = Debug|Any CPU
		{61D20414-CF94-4106-B40F-E62E5B282F0C}.Debug|iPhoneSimulator.Build.0 = Debug|Any CPU
		{61D20414-CF94-4106-B40F-E62E5B282F0C}.Develop|Any CPU.ActiveCfg = Master|Any CPU
		{61D20414-CF94-4106-B40F-E62E5B282F0C}.Develop|Any CPU.Build.0 = Master|Any CPU
		{61D20414-CF94-4106-B40F-E62E5B282F0C}.Develop|iPhone.ActiveCfg = Debug|Any CPU
		{61D20414-CF94-4106-B40F-E62E5B282F0C}.Develop|iPhone.Build.0 = Debug|Any CPU
		{61D20414-CF94-4106-B40F-E62E5B282F0C}.Develop|iPhoneSimulator.ActiveCfg = Debug|Any CPU
		{61D20414-CF94-4106-B40F-E62E5B282F0C}.Develop|iPhoneSimulator.Build.0 = Debug|Any CPU
		{61D20414-CF94-4106-B40F-E62E5B282F0C}.Master|Any CPU.ActiveCfg = Master|Any CPU
		{61D20414-CF94-4106-B40F-E62E5B282F0C}.Master|Any CPU.Build.0 = Master|Any CPU
		{61D20414-CF94-4106-B40F-E62E5B282F0C}.Master|iPhone.ActiveCfg = Master|Any CPU
		{61D20414-CF94-4106-B40F-E62E5B282F0C}.Master|iPhone.Build.0 = Master|Any CPU
		{61D20414-CF94-4106-B40F-E62E5B282F0C}.Master|iPhoneSimulator.ActiveCfg = Master|Any CPU
		{61D20414-CF94-4106-B40F-E62E5B282F0C}.Master|iPhoneSimulator.Build.0 = Master|Any CPU
		{61D20414-CF94-4106-B40F-E62E5B282F0C}.Release|Any CPU.ActiveCfg = Release|Any CPU
		{61D20414-CF94-4106-B40F-E62E5B282F0C}.Release|Any CPU.Build.0 = Release|Any CPU
		{61D20414-CF94-4106-B40F-E62E5B282F0C}.Release|iPhone.ActiveCfg = Release|Any CPU
		{61D20414-CF94-4106-B40F-E62E5B282F0C}.Release|iPhone.Build.0 = Release|Any CPU
		{61D20414-CF94-4106-B40F-E62E5B282F0C}.Release|iPhoneSimulator.ActiveCfg = Release|Any CPU
		{61D20414-CF94-4106-B40F-E62E5B282F0C}.Release|iPhoneSimulator.Build.0 = Release|Any CPU
		{61D20414-CF94-4106-B40F-E62E5B282F0C}.SIT|Any CPU.ActiveCfg = SIT|Any CPU
		{61D20414-CF94-4106-B40F-E62E5B282F0C}.SIT|Any CPU.Build.0 = SIT|Any CPU
		{61D20414-CF94-4106-B40F-E62E5B282F0C}.SIT|iPhone.ActiveCfg = SIT|Any CPU
		{61D20414-CF94-4106-B40F-E62E5B282F0C}.SIT|iPhone.Build.0 = SIT|Any CPU
		{61D20414-CF94-4106-B40F-E62E5B282F0C}.SIT|iPhoneSimulator.ActiveCfg = SIT|Any CPU
		{61D20414-CF94-4106-B40F-E62E5B282F0C}.SIT|iPhoneSimulator.Build.0 = SIT|Any CPU
		{61D20414-CF94-4106-B40F-E62E5B282F0C}.Stub|Any CPU.ActiveCfg = Master|Any CPU
		{61D20414-CF94-4106-B40F-E62E5B282F0C}.Stub|Any CPU.Build.0 = Master|Any CPU
		{61D20414-CF94-4106-B40F-E62E5B282F0C}.Stub|iPhone.ActiveCfg = SIT|Any CPU
		{61D20414-CF94-4106-B40F-E62E5B282F0C}.Stub|iPhone.Build.0 = SIT|Any CPU
		{61D20414-CF94-4106-B40F-E62E5B282F0C}.Stub|iPhoneSimulator.ActiveCfg = SIT|Any CPU
		{61D20414-CF94-4106-B40F-E62E5B282F0C}.Stub|iPhoneSimulator.Build.0 = SIT|Any CPU
		{8EF655F3-24AD-4CA3-8D67-4CA457F07176}.Debug|Any CPU.ActiveCfg = Debug|iPhoneSimulator
		{8EF655F3-24AD-4CA3-8D67-4CA457F07176}.Debug|Any CPU.Build.0 = Debug|iPhoneSimulator
		{8EF655F3-24AD-4CA3-8D67-4CA457F07176}.Debug|iPhone.ActiveCfg = Debug|iPhone
		{8EF655F3-24AD-4CA3-8D67-4CA457F07176}.Debug|iPhone.Build.0 = Debug|iPhone
		{8EF655F3-24AD-4CA3-8D67-4CA457F07176}.Debug|iPhoneSimulator.ActiveCfg = Debug|iPhoneSimulator
		{8EF655F3-24AD-4CA3-8D67-4CA457F07176}.Debug|iPhoneSimulator.Build.0 = Debug|iPhoneSimulator
		{8EF655F3-24AD-4CA3-8D67-4CA457F07176}.Develop|Any CPU.ActiveCfg = Debug|iPhoneSimulator
		{8EF655F3-24AD-4CA3-8D67-4CA457F07176}.Develop|iPhone.ActiveCfg = Debug|iPhone
		{8EF655F3-24AD-4CA3-8D67-4CA457F07176}.Develop|iPhoneSimulator.ActiveCfg = Debug|iPhoneSimulator
		{8EF655F3-24AD-4CA3-8D67-4CA457F07176}.Master|Any CPU.ActiveCfg = Master|iPhone
		{8EF655F3-24AD-4CA3-8D67-4CA457F07176}.Master|iPhone.ActiveCfg = Master|iPhone
		{8EF655F3-24AD-4CA3-8D67-4CA457F07176}.Master|iPhone.Build.0 = Master|iPhone
		{8EF655F3-24AD-4CA3-8D67-4CA457F07176}.Master|iPhoneSimulator.ActiveCfg = Master|iPhoneSimulator
		{8EF655F3-24AD-4CA3-8D67-4CA457F07176}.Master|iPhoneSimulator.Build.0 = Master|iPhoneSimulator
		{8EF655F3-24AD-4CA3-8D67-4CA457F07176}.Release|Any CPU.ActiveCfg = Release|iPhone
		{8EF655F3-24AD-4CA3-8D67-4CA457F07176}.Release|Any CPU.Build.0 = Release|iPhone
		{8EF655F3-24AD-4CA3-8D67-4CA457F07176}.Release|iPhone.ActiveCfg = Release|iPhone
		{8EF655F3-24AD-4CA3-8D67-4CA457F07176}.Release|iPhone.Build.0 = Release|iPhone
		{8EF655F3-24AD-4CA3-8D67-4CA457F07176}.Release|iPhoneSimulator.ActiveCfg = Release|iPhoneSimulator
		{8EF655F3-24AD-4CA3-8D67-4CA457F07176}.Release|iPhoneSimulator.Build.0 = Release|iPhoneSimulator
		{8EF655F3-24AD-4CA3-8D67-4CA457F07176}.SIT|Any CPU.ActiveCfg = Release|iPhoneSimulator
		{8EF655F3-24AD-4CA3-8D67-4CA457F07176}.SIT|Any CPU.Build.0 = Release|iPhoneSimulator
		{8EF655F3-24AD-4CA3-8D67-4CA457F07176}.SIT|iPhone.ActiveCfg = Release|iPhone
		{8EF655F3-24AD-4CA3-8D67-4CA457F07176}.SIT|iPhoneSimulator.ActiveCfg = Release|iPhoneSimulator
		{8EF655F3-24AD-4CA3-8D67-4CA457F07176}.Stub|Any CPU.ActiveCfg = Debug|iPhoneSimulator
		{8EF655F3-24AD-4CA3-8D67-4CA457F07176}.Stub|iPhone.ActiveCfg = Release|iPhone
		{8EF655F3-24AD-4CA3-8D67-4CA457F07176}.Stub|iPhoneSimulator.ActiveCfg = Release|iPhoneSimulator
	EndGlobalSection
	GlobalSection(SolutionProperties) = preSolution
		HideSolutionNode = FALSE
	EndGlobalSection
	GlobalSection(ExtensibilityGlobals) = postSolution
		SolutionGuid = {651A5D79-97EB-4D8E-AF15-ACD15A977002}
	EndGlobalSection
EndGlobal
