
Microsoft Visual Studio Solution File, Format Version 12.00
# Visual Studio 15
Project("{FAE04EC0-301F-11D3-BF4B-00C04F79EFBC}") = "myTNB-Android", "myTNB.Droid\myTNB-Android.csproj", "{A65609C2-EE96-4572-A423-969ADA2CDA4D}"
EndProject
Project("{FAE04EC0-301F-11D3-BF4B-00C04F79EFBC}") = "myTNB.Mobile", "myTNB.Mobile\myTNB.Mobile.csproj", "{61D20414-CF94-4106-B40F-E62E5B282F0C}"
EndProject
Project("{FAE04EC0-301F-11D3-BF4B-00C04F79EFBC}") = "myTNB-iOS", "myTNB.iOS\myTNB-iOS.csproj", "{54B23CE8-FC60-45C7-BBDC-4A52EA3AF336}"
EndProject
Global
	GlobalSection(SolutionConfigurationPlatforms) = preSolution
		Debug|Any CPU = Debug|Any CPU
		Release|Any CPU = Release|Any CPU
		Master|Any CPU = Master|Any CPU
		Develop|Any CPU = Develop|Any CPU
		Stub|Any CPU = Stub|Any CPU
		Debug|iPhoneSimulator = Debug|iPhoneSimulator
		Release|iPhone = Release|iPhone
		Release|iPhoneSimulator = Release|iPhoneSimulator
		Debug|iPhone = Debug|iPhone
		Master|iPhone = Master|iPhone
		Master|iPhoneSimulator = Master|iPhoneSimulator
		SIT|Any CPU = SIT|Any CPU
	EndGlobalSection
	GlobalSection(ProjectConfigurationPlatforms) = postSolution
		{A65609C2-EE96-4572-A423-969ADA2CDA4D}.Debug|Any CPU.ActiveCfg = Debug|Any CPU
		{A65609C2-EE96-4572-A423-969ADA2CDA4D}.Debug|Any CPU.Build.0 = Debug|Any CPU
		{A65609C2-EE96-4572-A423-969ADA2CDA4D}.Release|Any CPU.ActiveCfg = Release|Any CPU
		{A65609C2-EE96-4572-A423-969ADA2CDA4D}.Release|Any CPU.Build.0 = Release|Any CPU
		{A65609C2-EE96-4572-A423-969ADA2CDA4D}.Master|Any CPU.ActiveCfg = Master|Any CPU
		{A65609C2-EE96-4572-A423-969ADA2CDA4D}.Master|Any CPU.Build.0 = Master|Any CPU
		{A65609C2-EE96-4572-A423-969ADA2CDA4D}.Develop|Any CPU.ActiveCfg = Develop|Any CPU
		{A65609C2-EE96-4572-A423-969ADA2CDA4D}.Develop|Any CPU.Build.0 = Develop|Any CPU
		{A65609C2-EE96-4572-A423-969ADA2CDA4D}.Stub|Any CPU.ActiveCfg = Stub|Any CPU
		{A65609C2-EE96-4572-A423-969ADA2CDA4D}.Stub|Any CPU.Build.0 = Stub|Any CPU
		{A65609C2-EE96-4572-A423-969ADA2CDA4D}.Debug|iPhoneSimulator.ActiveCfg = Debug|Any CPU
		{A65609C2-EE96-4572-A423-969ADA2CDA4D}.Release|iPhone.ActiveCfg = Release|Any CPU
		{A65609C2-EE96-4572-A423-969ADA2CDA4D}.Release|iPhoneSimulator.ActiveCfg = Release|Any CPU
		{A65609C2-EE96-4572-A423-969ADA2CDA4D}.Debug|iPhone.ActiveCfg = Debug|Any CPU
		{A65609C2-EE96-4572-A423-969ADA2CDA4D}.Master|iPhone.ActiveCfg = Master|Any CPU
		{A65609C2-EE96-4572-A423-969ADA2CDA4D}.Master|iPhoneSimulator.ActiveCfg = Master|Any CPU
		{A65609C2-EE96-4572-A423-969ADA2CDA4D}.SIT|Any CPU.ActiveCfg = SIT|Any CPU
		{A65609C2-EE96-4572-A423-969ADA2CDA4D}.SIT|Any CPU.Build.0 = SIT|Any CPU
		{61D20414-CF94-4106-B40F-E62E5B282F0C}.Debug|Any CPU.ActiveCfg = Debug|Any CPU
		{61D20414-CF94-4106-B40F-E62E5B282F0C}.Debug|Any CPU.Build.0 = Debug|Any CPU
		{61D20414-CF94-4106-B40F-E62E5B282F0C}.Release|Any CPU.ActiveCfg = Release|Any CPU
		{61D20414-CF94-4106-B40F-E62E5B282F0C}.Release|Any CPU.Build.0 = Release|Any CPU
		{61D20414-CF94-4106-B40F-E62E5B282F0C}.Master|Any CPU.ActiveCfg = Master|Any CPU
		{61D20414-CF94-4106-B40F-E62E5B282F0C}.Master|Any CPU.Build.0 = Master|Any CPU
		{61D20414-CF94-4106-B40F-E62E5B282F0C}.Develop|Any CPU.ActiveCfg = Master|Any CPU
		{61D20414-CF94-4106-B40F-E62E5B282F0C}.Develop|Any CPU.Build.0 = Master|Any CPU
		{61D20414-CF94-4106-B40F-E62E5B282F0C}.Stub|Any CPU.ActiveCfg = Master|Any CPU
		{61D20414-CF94-4106-B40F-E62E5B282F0C}.Stub|Any CPU.Build.0 = Master|Any CPU
		{61D20414-CF94-4106-B40F-E62E5B282F0C}.Debug|iPhoneSimulator.ActiveCfg = Debug|Any CPU
		{61D20414-CF94-4106-B40F-E62E5B282F0C}.Debug|iPhoneSimulator.Build.0 = Debug|Any CPU
		{61D20414-CF94-4106-B40F-E62E5B282F0C}.Release|iPhone.ActiveCfg = Release|Any CPU
		{61D20414-CF94-4106-B40F-E62E5B282F0C}.Release|iPhone.Build.0 = Release|Any CPU
		{61D20414-CF94-4106-B40F-E62E5B282F0C}.Release|iPhoneSimulator.ActiveCfg = Release|Any CPU
		{61D20414-CF94-4106-B40F-E62E5B282F0C}.Release|iPhoneSimulator.Build.0 = Release|Any CPU
		{61D20414-CF94-4106-B40F-E62E5B282F0C}.Debug|iPhone.ActiveCfg = Debug|Any CPU
		{61D20414-CF94-4106-B40F-E62E5B282F0C}.Debug|iPhone.Build.0 = Debug|Any CPU
		{61D20414-CF94-4106-B40F-E62E5B282F0C}.Master|iPhone.ActiveCfg = Master|Any CPU
		{61D20414-CF94-4106-B40F-E62E5B282F0C}.Master|iPhone.Build.0 = Master|Any CPU
		{61D20414-CF94-4106-B40F-E62E5B282F0C}.Master|iPhoneSimulator.ActiveCfg = Master|Any CPU
		{61D20414-CF94-4106-B40F-E62E5B282F0C}.Master|iPhoneSimulator.Build.0 = Master|Any CPU
		{61D20414-CF94-4106-B40F-E62E5B282F0C}.SIT|Any CPU.ActiveCfg = SIT|Any CPU
		{61D20414-CF94-4106-B40F-E62E5B282F0C}.SIT|Any CPU.Build.0 = SIT|Any CPU
		{54B23CE8-FC60-45C7-BBDC-4A52EA3AF336}.Debug|Any CPU.ActiveCfg = Debug|iPhoneSimulator
		{54B23CE8-FC60-45C7-BBDC-4A52EA3AF336}.Debug|Any CPU.Build.0 = Debug|iPhoneSimulator
		{54B23CE8-FC60-45C7-BBDC-4A52EA3AF336}.Release|Any CPU.ActiveCfg = Release|iPhone
		{54B23CE8-FC60-45C7-BBDC-4A52EA3AF336}.Release|Any CPU.Build.0 = Release|iPhone
		{54B23CE8-FC60-45C7-BBDC-4A52EA3AF336}.Master|Any CPU.ActiveCfg = Master|iPhone
		{54B23CE8-FC60-45C7-BBDC-4A52EA3AF336}.Develop|Any CPU.ActiveCfg = Debug|iPhoneSimulator
		{54B23CE8-FC60-45C7-BBDC-4A52EA3AF336}.Stub|Any CPU.ActiveCfg = Debug|iPhoneSimulator
		{54B23CE8-FC60-45C7-BBDC-4A52EA3AF336}.Debug|iPhoneSimulator.ActiveCfg = Debug|iPhoneSimulator
		{54B23CE8-FC60-45C7-BBDC-4A52EA3AF336}.Debug|iPhoneSimulator.Build.0 = Debug|iPhoneSimulator
		{54B23CE8-FC60-45C7-BBDC-4A52EA3AF336}.Release|iPhone.ActiveCfg = Release|iPhone
		{54B23CE8-FC60-45C7-BBDC-4A52EA3AF336}.Release|iPhone.Build.0 = Release|iPhone
		{54B23CE8-FC60-45C7-BBDC-4A52EA3AF336}.Release|iPhoneSimulator.ActiveCfg = Release|iPhoneSimulator
		{54B23CE8-FC60-45C7-BBDC-4A52EA3AF336}.Release|iPhoneSimulator.Build.0 = Release|iPhoneSimulator
		{54B23CE8-FC60-45C7-BBDC-4A52EA3AF336}.Debug|iPhone.ActiveCfg = Debug|iPhone
		{54B23CE8-FC60-45C7-BBDC-4A52EA3AF336}.Debug|iPhone.Build.0 = Debug|iPhone
		{54B23CE8-FC60-45C7-BBDC-4A52EA3AF336}.Master|iPhone.ActiveCfg = Master|iPhone
		{54B23CE8-FC60-45C7-BBDC-4A52EA3AF336}.Master|iPhone.Build.0 = Master|iPhone
		{54B23CE8-FC60-45C7-BBDC-4A52EA3AF336}.Master|iPhoneSimulator.ActiveCfg = Master|iPhoneSimulator
		{54B23CE8-FC60-45C7-BBDC-4A52EA3AF336}.Master|iPhoneSimulator.Build.0 = Master|iPhoneSimulator
		{54B23CE8-FC60-45C7-BBDC-4A52EA3AF336}.SIT|Any CPU.ActiveCfg = Release|iPhoneSimulator
		{54B23CE8-FC60-45C7-BBDC-4A52EA3AF336}.SIT|Any CPU.Build.0 = Release|iPhoneSimulator
	EndGlobalSection
EndGlobal
